// !$*UTF8*$!
{
	archiveVersion = 1;
	classes = {
	};
	objectVersion = 50;
	objects = {

/* Begin PBXBuildFile section */
		D94FE6BB2622F93A00292D08 /* AppDelegate.swift in Sources */ = {isa = PBXBuildFile; fileRef = D94FE6BA2622F93A00292D08 /* AppDelegate.swift */; };
		D94FE6BD2622F93A00292D08 /* SceneDelegate.swift in Sources */ = {isa = PBXBuildFile; fileRef = D94FE6BC2622F93A00292D08 /* SceneDelegate.swift */; };
		D94FE6C22622F93A00292D08 /* Main.storyboard in Resources */ = {isa = PBXBuildFile; fileRef = D94FE6C02622F93A00292D08 /* Main.storyboard */; };
		D94FE6C42622F93C00292D08 /* Assets.xcassets in Resources */ = {isa = PBXBuildFile; fileRef = D94FE6C32622F93C00292D08 /* Assets.xcassets */; };
		D94FE6C72622F93C00292D08 /* LaunchScreen.storyboard in Resources */ = {isa = PBXBuildFile; fileRef = D94FE6C52622F93C00292D08 /* LaunchScreen.storyboard */; };
		D94FE6CF2622F98000292D08 /* Emoji.swift in Sources */ = {isa = PBXBuildFile; fileRef = D94FE6CE2622F98000292D08 /* Emoji.swift */; };
		D94FE6D12622FE5700292D08 /* EmojiTableTableViewController.swift in Sources */ = {isa = PBXBuildFile; fileRef = D94FE6D02622FE5700292D08 /* EmojiTableTableViewController.swift */; };
		D999F3DB2626E39B00407C05 /* EmojiTableViewCell.swift in Sources */ = {isa = PBXBuildFile; fileRef = D999F3DA2626E39B00407C05 /* EmojiTableViewCell.swift */; };
		D999F3DD262B514F00407C05 /* AddEditEmojiTableViewController.swift in Sources */ = {isa = PBXBuildFile; fileRef = D999F3DC262B514F00407C05 /* AddEditEmojiTableViewController.swift */; };
/* End PBXBuildFile section */

/* Begin PBXFileReference section */
		D94FE6B72622F93A00292D08 /* EmojiDictionary.app */ = {isa = PBXFileReference; explicitFileType = wrapper.application; includeInIndex = 0; path = EmojiDictionary.app; sourceTree = BUILT_PRODUCTS_DIR; };
		D94FE6BA2622F93A00292D08 /* AppDelegate.swift */ = {isa = PBXFileReference; lastKnownFileType = sourcecode.swift; path = AppDelegate.swift; sourceTree = "<group>"; };
		D94FE6BC2622F93A00292D08 /* SceneDelegate.swift */ = {isa = PBXFileReference; lastKnownFileType = sourcecode.swift; path = SceneDelegate.swift; sourceTree = "<group>"; };
		D94FE6C12622F93A00292D08 /* Base */ = {isa = PBXFileReference; lastKnownFileType = file.storyboard; name = Base; path = Base.lproj/Main.storyboard; sourceTree = "<group>"; };
		D94FE6C32622F93C00292D08 /* Assets.xcassets */ = {isa = PBXFileReference; lastKnownFileType = folder.assetcatalog; path = Assets.xcassets; sourceTree = "<group>"; };
		D94FE6C62622F93C00292D08 /* Base */ = {isa = PBXFileReference; lastKnownFileType = file.storyboard; name = Base; path = Base.lproj/LaunchScreen.storyboard; sourceTree = "<group>"; };
		D94FE6C82622F93C00292D08 /* Info.plist */ = {isa = PBXFileReference; lastKnownFileType = text.plist.xml; path = Info.plist; sourceTree = "<group>"; };
		D94FE6CE2622F98000292D08 /* Emoji.swift */ = {isa = PBXFileReference; lastKnownFileType = sourcecode.swift; path = Emoji.swift; sourceTree = "<group>"; };
		D94FE6D02622FE5700292D08 /* EmojiTableTableViewController.swift */ = {isa = PBXFileReference; lastKnownFileType = sourcecode.swift; path = EmojiTableTableViewController.swift; sourceTree = "<group>"; };
		D999F3DA2626E39B00407C05 /* EmojiTableViewCell.swift */ = {isa = PBXFileReference; lastKnownFileType = sourcecode.swift; path = EmojiTableViewCell.swift; sourceTree = "<group>"; };
		D999F3DC262B514F00407C05 /* AddEditEmojiTableViewController.swift */ = {isa = PBXFileReference; lastKnownFileType = sourcecode.swift; path = AddEditEmojiTableViewController.swift; sourceTree = "<group>"; };
/* End PBXFileReference section */

/* Begin PBXFrameworksBuildPhase section */
		D94FE6B42622F93A00292D08 /* Frameworks */ = {
			isa = PBXFrameworksBuildPhase;
			buildActionMask = 2147483647;
			files = (
			);
			runOnlyForDeploymentPostprocessing = 0;
		};
/* End PBXFrameworksBuildPhase section */

/* Begin PBXGroup section */
		D94FE6AE2622F93A00292D08 = {
			isa = PBXGroup;
			children = (
				D94FE6B92622F93A00292D08 /* EmojiDictionary */,
				D94FE6B82622F93A00292D08 /* Products */,
			);
			sourceTree = "<group>";
		};
		D94FE6B82622F93A00292D08 /* Products */ = {
			isa = PBXGroup;
			children = (
				D94FE6B72622F93A00292D08 /* EmojiDictionary.app */,
			);
			name = Products;
			sourceTree = "<group>";
		};
		D94FE6B92622F93A00292D08 /* EmojiDictionary */ = {
			isa = PBXGroup;
			children = (
				D94FE6CE2622F98000292D08 /* Emoji.swift */,
				D94FE6BA2622F93A00292D08 /* AppDelegate.swift */,
				D94FE6BC2622F93A00292D08 /* SceneDelegate.swift */,
				D94FE6C02622F93A00292D08 /* Main.storyboard */,
				D999F3DA2626E39B00407C05 /* EmojiTableViewCell.swift */,
				D999F3DC262B514F00407C05 /* AddEditEmojiTableViewController.swift */,
				D94FE6D02622FE5700292D08 /* EmojiTableTableViewController.swift */,
				D94FE6C32622F93C00292D08 /* Assets.xcassets */,
				D94FE6C52622F93C00292D08 /* LaunchScreen.storyboard */,
				D94FE6C82622F93C00292D08 /* Info.plist */,
			);
			path = EmojiDictionary;
			sourceTree = "<group>";
		};
/* End PBXGroup section */

/* Begin PBXNativeTarget section */
		D94FE6B62622F93A00292D08 /* EmojiDictionary */ = {
			isa = PBXNativeTarget;
			buildConfigurationList = D94FE6CB2622F93C00292D08 /* Build configuration list for PBXNativeTarget "EmojiDictionary" */;
			buildPhases = (
				D94FE6B32622F93A00292D08 /* Sources */,
				D94FE6B42622F93A00292D08 /* Frameworks */,
				D94FE6B52622F93A00292D08 /* Resources */,
			);
			buildRules = (
			);
			dependencies = (
			);
			name = EmojiDictionary;
			productName = EmojiDictionary;
			productReference = D94FE6B72622F93A00292D08 /* EmojiDictionary.app */;
			productType = "com.apple.product-type.application";
		};
/* End PBXNativeTarget section */

/* Begin PBXProject section */
		D94FE6AF2622F93A00292D08 /* Project object */ = {
			isa = PBXProject;
			attributes = {
				LastSwiftUpdateCheck = 1130;
				LastUpgradeCheck = 1130;
				ORGANIZATIONNAME = "Алексей Сергеев";
				TargetAttributes = {
					D94FE6B62622F93A00292D08 = {
						CreatedOnToolsVersion = 11.3;
					};
				};
			};
			buildConfigurationList = D94FE6B22622F93A00292D08 /* Build configuration list for PBXProject "EmojiDictionary" */;
			compatibilityVersion = "Xcode 9.3";
			developmentRegion = en;
			hasScannedForEncodings = 0;
			knownRegions = (
				en,
				Base,
			);
			mainGroup = D94FE6AE2622F93A00292D08;
			productRefGroup = D94FE6B82622F93A00292D08 /* Products */;
			projectDirPath = "";
			projectRoot = "";
			targets = (
				D94FE6B62622F93A00292D08 /* EmojiDictionary */,
			);
		};
/* End PBXProject section */

/* Begin PBXResourcesBuildPhase section */
		D94FE6B52622F93A00292D08 /* Resources */ = {
			isa = PBXResourcesBuildPhase;
			buildActionMask = 2147483647;
			files = (
				D94FE6C72622F93C00292D08 /* LaunchScreen.storyboard in Resources */,
				D94FE6C42622F93C00292D08 /* Assets.xcassets in Resources */,
				D94FE6C22622F93A00292D08 /* Main.storyboard in Resources */,
			);
			runOnlyForDeploymentPostprocessing = 0;
		};
/* End PBXResourcesBuildPhase section */

/* Begin PBXSourcesBuildPhase section */
		D94FE6B32622F93A00292D08 /* Sources */ = {
			isa = PBXSourcesBuildPhase;
			buildActionMask = 2147483647;
			files = (
				D999F3DD262B514F00407C05 /* AddEditEmojiTableViewController.swift in Sources */,
				D94FE6BB2622F93A00292D08 /* AppDelegate.swift in Sources */,
				D94FE6CF2622F98000292D08 /* Emoji.swift in Sources */,
				D999F3DB2626E39B00407C05 /* EmojiTableViewCell.swift in Sources */,
				D94FE6BD2622F93A00292D08 /* SceneDelegate.swift in Sources */,
				D94FE6D12622FE5700292D08 /* EmojiTableTableViewController.swift in Sources */,
			);
			runOnlyForDeploymentPostprocessing = 0;
		};
/* End PBXSourcesBuildPhase section */

/* Begin PBXVariantGroup section */
		D94FE6C02622F93A00292D08 /* Main.storyboard */ = {
			isa = PBXVariantGroup;
			children = (
				D94FE6C12622F93A00292D08 /* Base */,
			);
			name = Main.storyboard;
			sourceTree = "<group>";
		};
		D94FE6C52622F93C00292D08 /* LaunchScreen.storyboard */ = {
			isa = PBXVariantGroup;
			children = (
				D94FE6C62622F93C00292D08 /* Base */,
			);
			name = LaunchScreen.storyboard;
			sourceTree = "<group>";
		};
/* End PBXVariantGroup section */

/* Begin XCBuildConfiguration section */
		D94FE6C92622F93C00292D08 /* Debug */ = {
			isa = XCBuildConfiguration;
			buildSettings = {
				ALWAYS_SEARCH_USER_PATHS = NO;
				CLANG_ANALYZER_NONNULL = YES;
				CLANG_ANALYZER_NUMBER_OBJECT_CONVERSION = YES_AGGRESSIVE;
				CLANG_CXX_LANGUAGE_STANDARD = "gnu++14";
				CLANG_CXX_LIBRARY = "libc++";
				CLANG_ENABLE_MODULES = YES;
				CLANG_ENABLE_OBJC_ARC = YES;
				CLANG_ENABLE_OBJC_WEAK = YES;
				CLANG_WARN_BLOCK_CAPTURE_AUTORELEASING = YES;
				CLANG_WARN_BOOL_CONVERSION = YES;
				CLANG_WARN_COMMA = YES;
				CLANG_WARN_CONSTANT_CONVERSION = YES;
				CLANG_WARN_DEPRECATED_OBJC_IMPLEMENTATIONS = YES;
				CLANG_WARN_DIRECT_OBJC_ISA_USAGE = YES_ERROR;
				CLANG_WARN_DOCUMENTATION_COMMENTS = YES;
				CLANG_WARN_EMPTY_BODY = YES;
				CLANG_WARN_ENUM_CONVERSION = YES;
				CLANG_WARN_INFINITE_RECURSION = YES;
				CLANG_WARN_INT_CONVERSION = YES;
				CLANG_WARN_NON_LITERAL_NULL_CONVERSION = YES;
				CLANG_WARN_OBJC_IMPLICIT_RETAIN_SELF = YES;
				CLANG_WARN_OBJC_LITERAL_CONVERSION = YES;
				CLANG_WARN_OBJC_ROOT_CLASS = YES_ERROR;
				CLANG_WARN_RANGE_LOOP_ANALYSIS = YES;
				CLANG_WARN_STRICT_PROTOTYPES = YES;
				CLANG_WARN_SUSPICIOUS_MOVE = YES;
				CLANG_WARN_UNGUARDED_AVAILABILITY = YES_AGGRESSIVE;
				CLANG_WARN_UNREACHABLE_CODE = YES;
				CLANG_WARN__DUPLICATE_METHOD_MATCH = YES;
				COPY_PHASE_STRIP = NO;
				DEBUG_INFORMATION_FORMAT = dwarf;
				ENABLE_STRICT_OBJC_MSGSEND = YES;
				ENABLE_TESTABILITY = YES;
				GCC_C_LANGUAGE_STANDARD = gnu11;
				GCC_DYNAMIC_NO_PIC = NO;
				GCC_NO_COMMON_BLOCKS = YES;
				GCC_OPTIMIZATION_LEVEL = 0;
				GCC_PREPROCESSOR_DEFINITIONS = (
					"DEBUG=1",
					"$(inherited)",
				);
				GCC_WARN_64_TO_32_BIT_CONVERSION = YES;
				GCC_WARN_ABOUT_RETURN_TYPE = YES_ERROR;
				GCC_WARN_UNDECLARED_SELECTOR = YES;
				GCC_WARN_UNINITIALIZED_AUTOS = YES_AGGRESSIVE;
				GCC_WARN_UNUSED_FUNCTION = YES;
				GCC_WARN_UNUSED_VARIABLE = YES;
				IPHONEOS_DEPLOYMENT_TARGET = 13.2;
				MTL_ENABLE_DEBUG_INFO = INCLUDE_SOURCE;
				MTL_FAST_MATH = YES;
				ONLY_ACTIVE_ARCH = YES;
				SDKROOT = iphoneos;
				SWIFT_ACTIVE_COMPILATION_CONDITIONS = DEBUG;
				SWIFT_OPTIMIZATION_LEVEL = "-Onone";
			};
			name = Debug;
		};
		D94FE6CA2622F93C00292D08 /* Release */ = {
			isa = XCBuildConfiguration;
			buildSettings = {
				ALWAYS_SEARCH_USER_PATHS = NO;
				CLANG_ANALYZER_NONNULL = YES;
				CLANG_ANALYZER_NUMBER_OBJECT_CONVERSION = YES_AGGRESSIVE;
				CLANG_CXX_LANGUAGE_STANDARD = "gnu++14";
				CLANG_CXX_LIBRARY = "libc++";
				CLANG_ENABLE_MODULES = YES;
				CLANG_ENABLE_OBJC_ARC = YES;
				CLANG_ENABLE_OBJC_WEAK = YES;
				CLANG_WARN_BLOCK_CAPTURE_AUTORELEASING = YES;
				CLANG_WARN_BOOL_CONVERSION = YES;
				CLANG_WARN_COMMA = YES;
				CLANG_WARN_CONSTANT_CONVERSION = YES;
				CLANG_WARN_DEPRECATED_OBJC_IMPLEMENTATIONS = YES;
				CLANG_WARN_DIRECT_OBJC_ISA_USAGE = YES_ERROR;
				CLANG_WARN_DOCUMENTATION_COMMENTS = YES;
				CLANG_WARN_EMPTY_BODY = YES;
				CLANG_WARN_ENUM_CONVERSION = YES;
				CLANG_WARN_INFINITE_RECURSION = YES;
				CLANG_WARN_INT_CONVERSION = YES;
				CLANG_WARN_NON_LITERAL_NULL_CONVERSION = YES;
				CLANG_WARN_OBJC_IMPLICIT_RETAIN_SELF = YES;
				CLANG_WARN_OBJC_LITERAL_CONVERSION = YES;
				CLANG_WARN_OBJC_ROOT_CLASS = YES_ERROR;
				CLANG_WARN_RANGE_LOOP_ANALYSIS = YES;
				CLANG_WARN_STRICT_PROTOTYPES = YES;
				CLANG_WARN_SUSPICIOUS_MOVE = YES;
				CLANG_WARN_UNGUARDED_AVAILABILITY = YES_AGGRESSIVE;
				CLANG_WARN_UNREACHABLE_CODE = YES;
				CLANG_WARN__DUPLICATE_METHOD_MATCH = YES;
				COPY_PHASE_STRIP = NO;
				DEBUG_INFORMATION_FORMAT = "dwarf-with-dsym";
				ENABLE_NS_ASSERTIONS = NO;
				ENABLE_STRICT_OBJC_MSGSEND = YES;
				GCC_C_LANGUAGE_STANDARD = gnu11;
				GCC_NO_COMMON_BLOCKS = YES;
				GCC_WARN_64_TO_32_BIT_CONVERSION = YES;
				GCC_WARN_ABOUT_RETURN_TYPE = YES_ERROR;
				GCC_WARN_UNDECLARED_SELECTOR = YES;
				GCC_WARN_UNINITIALIZED_AUTOS = YES_AGGRESSIVE;
				GCC_WARN_UNUSED_FUNCTION = YES;
				GCC_WARN_UNUSED_VARIABLE = YES;
				IPHONEOS_DEPLOYMENT_TARGET = 13.2;
				MTL_ENABLE_DEBUG_INFO = NO;
				MTL_FAST_MATH = YES;
				SDKROOT = iphoneos;
				SWIFT_COMPILATION_MODE = wholemodule;
				SWIFT_OPTIMIZATION_LEVEL = "-O";
				VALIDATE_PRODUCT = YES;
			};
			name = Release;
		};
		D94FE6CC2622F93C00292D08 /* Debug */ = {
			isa = XCBuildConfiguration;
			buildSettings = {
				ASSETCATALOG_COMPILER_APPICON_NAME = AppIcon;
				CODE_SIGN_STYLE = Automatic;
				DEVELOPMENT_TEAM = B5NP5GUJ9K;
				INFOPLIST_FILE = EmojiDictionary/Info.plist;
				LD_RUNPATH_SEARCH_PATHS = (
					"$(inherited)",
					"@executable_path/Frameworks",
				);
				PRODUCT_BUNDLE_IDENTIFIER = alexey.sergeev.EmojiDictionary;
				PRODUCT_NAME = "$(TARGET_NAME)";
				SWIFT_VERSION = 5.0;
				TARGETED_DEVICE_FAMILY = "1,2";
			};
			name = Debug;
		};
		D94FE6CD2622F93C00292D08 /* Release */ = {
			isa = XCBuildConfiguration;
			buildSettings = {
				ASSETCATALOG_COMPILER_APPICON_NAME = AppIcon;
				CODE_SIGN_STYLE = Automatic;
				DEVELOPMENT_TEAM = B5NP5GUJ9K;
				INFOPLIST_FILE = EmojiDictionary/Info.plist;
				LD_RUNPATH_SEARCH_PATHS = (
					"$(inherited)",
					"@executable_path/Frameworks",
				);
				PRODUCT_BUNDLE_IDENTIFIER = alexey.sergeev.EmojiDictionary;
				PRODUCT_NAME = "$(TARGET_NAME)";
				SWIFT_VERSION = 5.0;
				TARGETED_DEVICE_FAMILY = "1,2";
			};
			name = Release;
		};
/* End XCBuildConfiguration section */

/* Begin XCConfigurationList section */
		D94FE6B22622F93A00292D08 /* Build configuration list for PBXProject "EmojiDictionary" */ = {
			isa = XCConfigurationList;
			buildConfigurations = (
				D94FE6C92622F93C00292D08 /* Debug */,
				D94FE6CA2622F93C00292D08 /* Release */,
			);
			defaultConfigurationIsVisible = 0;
			defaultConfigurationName = Release;
		};
		D94FE6CB2622F93C00292D08 /* Build configuration list for PBXNativeTarget "EmojiDictionary" */ = {
			isa = XCConfigurationList;
			buildConfigurations = (
				D94FE6CC2622F93C00292D08 /* Debug */,
				D94FE6CD2622F93C00292D08 /* Release */,
			);
			defaultConfigurationIsVisible = 0;
			defaultConfigurationName = Release;
		};
/* End XCConfigurationList section */
	};
	rootObject = D94FE6AF2622F93A00292D08 /* Project object */;
}
